
Microsoft Visual Studio Solution File, Format Version 12.00
# Visual Studio Version 17
VisualStudioVersion = 17.4.33213.308
MinimumVisualStudioVersion = 10.0.40219.1
Project("{FAE04EC0-301F-11D3-BF4B-00C04F79EFBC}") = "GeneradorQR", "GeneradorQR\GeneradorQR.csproj", "{073BB651-C77E-4219-B14C-C59A5CCDC756}"
EndProject
Project("{54435603-DBB4-11D2-8724-00A0C9A8B90C}") = "GenQR", "..\..\Generador\GenQR\GenQR.vdproj", "{E9A62BB6-818F-4489-A9EF-82958C9271D4}"
EndProject
Global
	GlobalSection(SolutionConfigurationPlatforms) = preSolution
		Debug|Any CPU = Debug|Any CPU
		Release|Any CPU = Release|Any CPU
	EndGlobalSection
	GlobalSection(ProjectConfigurationPlatforms) = postSolution
		{073BB651-C77E-4219-B14C-C59A5CCDC756}.Debug|Any CPU.ActiveCfg = Debug|Any CPU
		{073BB651-C77E-4219-B14C-C59A5CCDC756}.Debug|Any CPU.Build.0 = Debug|Any CPU
		{073BB651-C77E-4219-B14C-C59A5CCDC756}.Release|Any CPU.ActiveCfg = Release|Any CPU
		{073BB651-C77E-4219-B14C-C59A5CCDC756}.Release|Any CPU.Build.0 = Release|Any CPU
		{E9A62BB6-818F-4489-A9EF-82958C9271D4}.Debug|Any CPU.ActiveCfg = Debug
		{E9A62BB6-818F-4489-A9EF-82958C9271D4}.Release|Any CPU.ActiveCfg = Release
	EndGlobalSection
	GlobalSection(SolutionProperties) = preSolution
		HideSolutionNode = FALSE
	EndGlobalSection
	GlobalSection(ExtensibilityGlobals) = postSolution
		SolutionGuid = {39D36847-EA99-4A13-80F3-09E8E66475BA}
	EndGlobalSection
EndGlobal
